// !$*UTF8*$!
{
	archiveVersion = 1;
	classes = {
	};
	objectVersion = 77;
	objects = {

/* Begin PBXBuildFile section */
		0601DE14D92B0FB870EC5DB8 /* Foundation.framework in Frameworks */ = {isa = PBXBuildFile; fileRef = 80150349BF2752E12B7E6981 /* Foundation.framework */; };
		119E9C1D4EE46D075EAABA69 /* DeviceActivityReportExtension.swift in Sources */ = {isa = PBXBuildFile; fileRef = F75E11F3FAE242F80BB3C343 /* DeviceActivityReportExtension.swift */; };
		349CA20322ABAB517A5F6A1D /* DeviceActivity.framework in Frameworks */ = {isa = PBXBuildFile; fileRef = 2FAC4CD91E741F54A71A8F54 /* DeviceActivity.framework */; };
		3537623F5E5F324F7F689A80 /* TopAppsView.swift in Sources */ = {isa = PBXBuildFile; fileRef = BD4C010817BBDF31393E7345 /* TopAppsView.swift */; };
		354BA81B34A4FA54A3504502 /* TotalActivityView.swift in Sources */ = {isa = PBXBuildFile; fileRef = 1D2E46AEBC092394756DECF3 /* TotalActivityView.swift */; };
		427C1D644E02145C1A32383A /* FamilyControls.framework in Frameworks */ = {isa = PBXBuildFile; fileRef = 1A1959435C3E93C034D25ECA /* FamilyControls.framework */; };
		75ACF9F9652A95CC8296E7D2 /* TopAppsReport.swift in Sources */ = {isa = PBXBuildFile; fileRef = F6CD17DCB1EFA7562DBF26DE /* TopAppsReport.swift */; };
		84AEBB3EF2F0062259D3B400 /* SwiftUI.framework in Frameworks */ = {isa = PBXBuildFile; fileRef = B3AC4B6EAF4288B20C44914A /* SwiftUI.framework */; };
		AD56EE36EA72815D25774F4F /* TotalActivityReport.swift in Sources */ = {isa = PBXBuildFile; fileRef = 1A6F7971F8AC7B819E0C7476 /* TotalActivityReport.swift */; };
		D64A0A834AA4D4209D0FA26A /* time.mdDeviceActivityReport.appex in Embed App Extensions */ = {isa = PBXBuildFile; fileRef = E60D7B6685D77824FFE9A366 /* time.mdDeviceActivityReport.appex */; settings = {ATTRIBUTES = (RemoveHeadersOnCopy, ); }; };
		SPARKLE003000000000000001 /* Sparkle in Frameworks */ = {isa = PBXBuildFile; productRef = SPARKLE002000000000000001 /* Sparkle */; };
/* End PBXBuildFile section */

/* Begin PBXContainerItemProxy section */
		D827EE6DCEE354A9133F9E3C /* PBXContainerItemProxy */ = {
			isa = PBXContainerItemProxy;
			containerPortal = 62B65C0C2F4C534F00A5B243 /* Project object */;
			proxyType = 1;
			remoteGlobalIDString = E94D00A274DD4202FD2E6D93;
			remoteInfo = time.mdDeviceActivityReport;
		};
/* End PBXContainerItemProxy section */

/* Begin PBXCopyFilesBuildPhase section */
		ED0F0304A27012A39148267A /* Embed App Extensions */ = {
			isa = PBXCopyFilesBuildPhase;
			buildActionMask = 2147483647;
			dstPath = "";
			dstSubfolderSpec = 13;
			files = (
				D64A0A834AA4D4209D0FA26A /* time.mdDeviceActivityReport.appex in Embed App Extensions */,
			);
			name = "Embed App Extensions";
			runOnlyForDeploymentPostprocessing = 0;
		};
/* End PBXCopyFilesBuildPhase section */

/* Begin PBXFileReference section */
		1A1959435C3E93C034D25ECA /* FamilyControls.framework */ = {isa = PBXFileReference; lastKnownFileType = wrapper.framework; path = FamilyControls.framework; sourceTree = SDKROOT; };
		1A6F7971F8AC7B819E0C7476 /* TotalActivityReport.swift */ = {isa = PBXFileReference; includeInIndex = 1; lastKnownFileType = sourcecode.swift; path = TotalActivityReport.swift; sourceTree = "<group>"; };
		1D2E46AEBC092394756DECF3 /* TotalActivityView.swift */ = {isa = PBXFileReference; includeInIndex = 1; lastKnownFileType = sourcecode.swift; path = TotalActivityView.swift; sourceTree = "<group>"; };
		2FAC4CD91E741F54A71A8F54 /* DeviceActivity.framework */ = {isa = PBXFileReference; lastKnownFileType = wrapper.framework; path = DeviceActivity.framework; sourceTree = SDKROOT; };
		303A43758A571A47DD42AB00 /* Info.plist */ = {isa = PBXFileReference; includeInIndex = 1; lastKnownFileType = text.plist.xml; path = Info.plist; sourceTree = "<group>"; };
		62B65C142F4C534F00A5B243 /* time.md.app */ = {isa = PBXFileReference; explicitFileType = wrapper.application; includeInIndex = 0; path = time.md.app; sourceTree = BUILT_PRODUCTS_DIR; };
		80150349BF2752E12B7E6981 /* Foundation.framework */ = {isa = PBXFileReference; lastKnownFileType = wrapper.framework; name = Foundation.framework; path = Platforms/iPhoneOS.platform/Developer/SDKs/iPhoneOS18.0.sdk/System/Library/Frameworks/Foundation.framework; sourceTree = DEVELOPER_DIR; };
		8E0E4EC7BE832358FC0E7759 /* time.mdDeviceActivityReport.entitlements */ = {isa = PBXFileReference; includeInIndex = 1; lastKnownFileType = text.plist.entitlements; path = time.mdDeviceActivityReport.entitlements; sourceTree = "<group>"; };
		AAAA00012F4C600000000001 /* time.mdIOS.app */ = {isa = PBXFileReference; explicitFileType = wrapper.application; includeInIndex = 0; path = time.mdIOS.app; sourceTree = BUILT_PRODUCTS_DIR; };
		B3AC4B6EAF4288B20C44914A /* SwiftUI.framework */ = {isa = PBXFileReference; lastKnownFileType = wrapper.framework; path = SwiftUI.framework; sourceTree = SDKROOT; };
		BD4C010817BBDF31393E7345 /* TopAppsView.swift */ = {isa = PBXFileReference; includeInIndex = 1; lastKnownFileType = sourcecode.swift; path = TopAppsView.swift; sourceTree = "<group>"; };
		E60D7B6685D77824FFE9A366 /* time.mdDeviceActivityReport.appex */ = {isa = PBXFileReference; explicitFileType = "wrapper.app-extension"; includeInIndex = 0; path = time.mdDeviceActivityReport.appex; sourceTree = BUILT_PRODUCTS_DIR; };
		F6CD17DCB1EFA7562DBF26DE /* TopAppsReport.swift */ = {isa = PBXFileReference; includeInIndex = 1; lastKnownFileType = sourcecode.swift; path = TopAppsReport.swift; sourceTree = "<group>"; };
		F75E11F3FAE242F80BB3C343 /* DeviceActivityReportExtension.swift */ = {isa = PBXFileReference; includeInIndex = 1; lastKnownFileType = sourcecode.swift; path = DeviceActivityReportExtension.swift; sourceTree = "<group>"; };
/* End PBXFileReference section */

/* Begin PBXFileSystemSynchronizedBuildFileExceptionSet section */
		AAAA00032F4C600000000003 /* Exceptions for "time.md" folder in "time.mdIOS" target */ = {
			isa = PBXFileSystemSynchronizedBuildFileExceptionSet;
			membershipExceptions = (
				Info.plist,
				App/AppEnvironment.swift,
				App/BrowserSettingsStore.swift,
				App/time.mdCommands.swift,
				App/AppNameDisplayStore.swift,
				App/BackgroundSyncManager.swift,
				App/FeatureFlags.swift,
				App/GlobalFilterStore.swift,
				App/NavigationCoordinator.swift,
				App/NavigationDestination.swift,
				App/MacOnboardingView.swift,
				App/RootSplitView.swift,
				App/time.mdApp.swift,
				Assets.xcassets,
				Components/TickerScrollView.swift,
				Data/AnalyticsModels.swift,
				Data/BrowsingHistoryModels.swift,
				Data/BrowsingHistoryService.swift,
				Data/CategoryMappingStore.swift,
				Data/HistoryStore.swift,
				Data/ScreenTimeDataService.swift,
				DesignSystem/AccessibilityHelpers.swift,
				DesignSystem/AnimatedNumber.swift,
				DesignSystem/BrutalTheme.swift,
				DesignSystem/ChartZoomState.swift,
				DesignSystem/DataLoadErrorView.swift,
				DesignSystem/FlowLayout.swift,
				DesignSystem/Formatters.swift,
				DesignSystem/GlassCard.swift,
				Export/ExportCoordinator.swift,
				Export/ExportModels.swift,
				Features/AppsCategories/AppsCategoriesView.swift,
				Features/Calendar/AppleCalendarView.swift,
				Features/Calendar/BlockDetailPopover.swift,
				Features/Calendar/CalendarAnalysisView.swift,
				Features/Calendar/CalendarDayDetailView.swift,
				Features/Calendar/CalendarDayTimelineView.swift,
				Features/Calendar/CalendarMonthGridView.swift,
				Features/Calendar/CalendarView.swift,
				Features/Calendar/CalendarWeekTimelineView.swift,
				Features/Calendar/CalendarYearGridView.swift,
				Features/Calendar/MiniMonthCalendarView.swift,
				Features/DistractingHours/DistractingHoursView.swift,
				Features/Exports/ExportFilterPresetEditor.swift,
				Features/Exports/ExportsView.swift,
				Features/Filters/AdvancedTimeFiltersView.swift,
				Features/Overview/InsightCards.swift,
				Features/Overview/OverviewView.swift,
				Features/Sessions/SessionsView.swift,
				Features/Trends/TrendsView.swift,
				Features/WebHistory/WebHistoryView.swift,
			);
			target = AAAA00002F4C600000000000 /* time.mdIOS */;
		};
		AAAA000A2F4C600000000010 /* Exceptions for "time.mdIOS" folder in "time.mdIOS" target */ = {
			isa = PBXFileSystemSynchronizedBuildFileExceptionSet;
			membershipExceptions = (
				Info.plist,
			);
			target = AAAA00002F4C600000000000 /* time.mdIOS */;
		};
/* End PBXFileSystemSynchronizedBuildFileExceptionSet section */

/* Begin PBXFileSystemSynchronizedRootGroup section */
		62B65C162F4C534F00A5B243 /* time.md */ = {
			isa = PBXFileSystemSynchronizedRootGroup;
			exceptions = (
				AAAA00032F4C600000000003 /* Exceptions for "time.md" folder in "time.mdIOS" target */,
			);
			path = time.md;
			sourceTree = "<group>";
		};
		AAAA00022F4C600000000002 /* time.mdIOS */ = {
			isa = PBXFileSystemSynchronizedRootGroup;
			exceptions = (
				AAAA000A2F4C600000000010 /* Exceptions for "time.mdIOS" folder in "time.mdIOS" target */,
			);
			path = time.mdIOS;
			sourceTree = "<group>";
		};
/* End PBXFileSystemSynchronizedRootGroup section */

/* Begin PBXFrameworksBuildPhase section */
		1B89E00F1253FB54BFA8B5A0 /* Frameworks */ = {
			isa = PBXFrameworksBuildPhase;
			buildActionMask = 2147483647;
			files = (
				0601DE14D92B0FB870EC5DB8 /* Foundation.framework in Frameworks */,
				349CA20322ABAB517A5F6A1D /* DeviceActivity.framework in Frameworks */,
				84AEBB3EF2F0062259D3B400 /* SwiftUI.framework in Frameworks */,
				427C1D644E02145C1A32383A /* FamilyControls.framework in Frameworks */,
			);
			runOnlyForDeploymentPostprocessing = 0;
		};
		62B65C112F4C534F00A5B243 /* Frameworks */ = {
			isa = PBXFrameworksBuildPhase;
			buildActionMask = 2147483647;
			files = (
				SPARKLE003000000000000001 /* Sparkle in Frameworks */,
			);
			runOnlyForDeploymentPostprocessing = 0;
		};
		AAAA00042F4C600000000004 /* Frameworks */ = {
			isa = PBXFrameworksBuildPhase;
			buildActionMask = 2147483647;
			files = (
			);
			runOnlyForDeploymentPostprocessing = 0;
		};
/* End PBXFrameworksBuildPhase section */

/* Begin PBXGroup section */
		0679C72350F3B7643125AA47 /* time.mdDeviceActivityReport */ = {
			isa = PBXGroup;
			children = (
				F75E11F3FAE242F80BB3C343 /* DeviceActivityReportExtension.swift */,
				1A6F7971F8AC7B819E0C7476 /* TotalActivityReport.swift */,
				1D2E46AEBC092394756DECF3 /* TotalActivityView.swift */,
				F6CD17DCB1EFA7562DBF26DE /* TopAppsReport.swift */,
				BD4C010817BBDF31393E7345 /* TopAppsView.swift */,
				303A43758A571A47DD42AB00 /* Info.plist */,
				8E0E4EC7BE832358FC0E7759 /* time.mdDeviceActivityReport.entitlements */,
			);
			path = time.mdDeviceActivityReport;
			sourceTree = "<group>";
		};
		62B65C0B2F4C534F00A5B243 = {
			isa = PBXGroup;
			children = (
				62B65C162F4C534F00A5B243 /* time.md */,
				AAAA00022F4C600000000002 /* time.mdIOS */,
				62B65C152F4C534F00A5B243 /* Products */,
				68F4166C28F1DC6FCD3F566B /* Frameworks */,
				0679C72350F3B7643125AA47 /* time.mdDeviceActivityReport */,
			);
			sourceTree = "<group>";
		};
		62B65C152F4C534F00A5B243 /* Products */ = {
			isa = PBXGroup;
			children = (
				62B65C142F4C534F00A5B243 /* time.md.app */,
				AAAA00012F4C600000000001 /* time.mdIOS.app */,
				E60D7B6685D77824FFE9A366 /* time.mdDeviceActivityReport.appex */,
			);
			name = Products;
			sourceTree = "<group>";
		};
		68F4166C28F1DC6FCD3F566B /* Frameworks */ = {
			isa = PBXGroup;
			children = (
				84A578A68EFC9CD8020D13F8 /* iOS */,
				2FAC4CD91E741F54A71A8F54 /* DeviceActivity.framework */,
				B3AC4B6EAF4288B20C44914A /* SwiftUI.framework */,
				1A1959435C3E93C034D25ECA /* FamilyControls.framework */,
			);
			name = Frameworks;
			sourceTree = "<group>";
		};
		84A578A68EFC9CD8020D13F8 /* iOS */ = {
			isa = PBXGroup;
			children = (
				80150349BF2752E12B7E6981 /* Foundation.framework */,
			);
			name = iOS;
			sourceTree = "<group>";
		};
/* End PBXGroup section */

/* Begin PBXNativeTarget section */
		62B65C132F4C534F00A5B243 /* time.md */ = {
			isa = PBXNativeTarget;
			buildConfigurationList = 62B65C1F2F4C535100A5B243 /* Build configuration list for PBXNativeTarget "time.md" */;
			buildPhases = (
				62B65C102F4C534F00A5B243 /* Sources */,
				62B65C112F4C534F00A5B243 /* Frameworks */,
				62B65C122F4C534F00A5B243 /* Resources */,
			);
			buildRules = (
			);
			dependencies = (
			);
			fileSystemSynchronizedGroups = (
				62B65C162F4C534F00A5B243 /* time.md */,
			);
			name = time.md;
			packageProductDependencies = (
				SPARKLE002000000000000001 /* Sparkle */,
			);
			productName = time.md;
			productReference = 62B65C142F4C534F00A5B243 /* time.md.app */;
			productType = "com.apple.product-type.application";
		};
		AAAA00002F4C600000000000 /* time.mdIOS */ = {
			isa = PBXNativeTarget;
			buildConfigurationList = AAAA00092F4C600000000009 /* Build configuration list for PBXNativeTarget "time.mdIOS" */;
			buildPhases = (
				AAAA00052F4C600000000005 /* Sources */,
				AAAA00042F4C600000000004 /* Frameworks */,
				AAAA00062F4C600000000006 /* Resources */,
				ED0F0304A27012A39148267A /* Embed App Extensions */,
			);
			buildRules = (
			);
			dependencies = (
				2F7F495533F695DF3F5BB881 /* PBXTargetDependency */,
			);
			fileSystemSynchronizedGroups = (
				62B65C162F4C534F00A5B243 /* time.md */,
				AAAA00022F4C600000000002 /* time.mdIOS */,
			);
			name = time.mdIOS;
			productName = time.mdIOS;
			productReference = AAAA00012F4C600000000001 /* time.mdIOS.app */;
			productType = "com.apple.product-type.application";
		};
		E94D00A274DD4202FD2E6D93 /* time.mdDeviceActivityReport */ = {
			isa = PBXNativeTarget;
			buildConfigurationList = 7D859E0738829772900EDEAF /* Build configuration list for PBXNativeTarget "time.mdDeviceActivityReport" */;
			buildPhases = (
				145F456904BA5734FD94D6AB /* Sources */,
				1B89E00F1253FB54BFA8B5A0 /* Frameworks */,
				B049E2766758610503650058 /* Resources */,
			);
			buildRules = (
			);
			dependencies = (
			);
			name = time.mdDeviceActivityReport;
			productName = time.mdDeviceActivityReport;
			productReference = E60D7B6685D77824FFE9A366 /* time.mdDeviceActivityReport.appex */;
			productType = "com.apple.product-type.app-extension";
		};
/* End PBXNativeTarget section */

/* Begin PBXProject section */
		62B65C0C2F4C534F00A5B243 /* Project object */ = {
			isa = PBXProject;
			attributes = {
				BuildIndependentTargetsInParallel = 1;
				LastSwiftUpdateCheck = 2620;
				LastUpgradeCheck = 2620;
				TargetAttributes = {
					62B65C132F4C534F00A5B243 = {
						CreatedOnToolsVersion = 26.2;
					};
					AAAA00002F4C600000000000 = {
						CreatedOnToolsVersion = 26.2;
					};
				};
			};
			buildConfigurationList = 62B65C0F2F4C534F00A5B243 /* Build configuration list for PBXProject "time.md" */;
			developmentRegion = en;
			hasScannedForEncodings = 0;
			knownRegions = (
				en,
				Base,
			);
			mainGroup = 62B65C0B2F4C534F00A5B243;
			minimizedProjectReferenceProxies = 1;
			packageReferences = (
				SPARKLE001000000000000001 /* XCRemoteSwiftPackageReference "Sparkle" */,
			);
			preferredProjectObjectVersion = 77;
			productRefGroup = 62B65C152F4C534F00A5B243 /* Products */;
			projectDirPath = "";
			projectRoot = "";
			targets = (
				62B65C132F4C534F00A5B243 /* time.md */,
				AAAA00002F4C600000000000 /* time.mdIOS */,
				E94D00A274DD4202FD2E6D93 /* time.mdDeviceActivityReport */,
			);
		};
/* End PBXProject section */

/* Begin PBXResourcesBuildPhase section */
		62B65C122F4C534F00A5B243 /* Resources */ = {
			isa = PBXResourcesBuildPhase;
			buildActionMask = 2147483647;
			files = (
			);
			runOnlyForDeploymentPostprocessing = 0;
		};
		AAAA00062F4C600000000006 /* Resources */ = {
			isa = PBXResourcesBuildPhase;
			buildActionMask = 2147483647;
			files = (
			);
			runOnlyForDeploymentPostprocessing = 0;
		};
		B049E2766758610503650058 /* Resources */ = {
			isa = PBXResourcesBuildPhase;
			buildActionMask = 2147483647;
			files = (
			);
			runOnlyForDeploymentPostprocessing = 0;
		};
/* End PBXResourcesBuildPhase section */

/* Begin PBXSourcesBuildPhase section */
		145F456904BA5734FD94D6AB /* Sources */ = {
			isa = PBXSourcesBuildPhase;
			buildActionMask = 2147483647;
			files = (
				119E9C1D4EE46D075EAABA69 /* DeviceActivityReportExtension.swift in Sources */,
				AD56EE36EA72815D25774F4F /* TotalActivityReport.swift in Sources */,
				354BA81B34A4FA54A3504502 /* TotalActivityView.swift in Sources */,
				75ACF9F9652A95CC8296E7D2 /* TopAppsReport.swift in Sources */,
				3537623F5E5F324F7F689A80 /* TopAppsView.swift in Sources */,
			);
			runOnlyForDeploymentPostprocessing = 0;
		};
		62B65C102F4C534F00A5B243 /* Sources */ = {
			isa = PBXSourcesBuildPhase;
			buildActionMask = 2147483647;
			files = (
			);
			runOnlyForDeploymentPostprocessing = 0;
		};
		AAAA00052F4C600000000005 /* Sources */ = {
			isa = PBXSourcesBuildPhase;
			buildActionMask = 2147483647;
			files = (
			);
			runOnlyForDeploymentPostprocessing = 0;
		};
/* End PBXSourcesBuildPhase section */

/* Begin PBXTargetDependency section */
		2F7F495533F695DF3F5BB881 /* PBXTargetDependency */ = {
			isa = PBXTargetDependency;
			name = time.mdDeviceActivityReport;
			target = E94D00A274DD4202FD2E6D93 /* time.mdDeviceActivityReport */;
			targetProxy = D827EE6DCEE354A9133F9E3C /* PBXContainerItemProxy */;
		};
/* End PBXTargetDependency section */

/* Begin XCBuildConfiguration section */
		2239AEA0E090BD6CBAC9D875 /* Debug */ = {
			isa = XCBuildConfiguration;
			buildSettings = {
				CLANG_ENABLE_OBJC_WEAK = NO;
				CODE_SIGN_ENTITLEMENTS = time.mdDeviceActivityReport/time.mdDeviceActivityReport.entitlements;
				CODE_SIGN_STYLE = Automatic;
				CURRENT_PROJECT_VERSION = 9;
				DEVELOPMENT_TEAM = "$(DEVELOPMENT_TEAM)";
				GENERATE_INFOPLIST_FILE = NO;
				INFOPLIST_FILE = time.mdDeviceActivityReport/Info.plist;
				IPHONEOS_DEPLOYMENT_TARGET = 16.0;
				LD_RUNPATH_SEARCH_PATHS = (
					"$(inherited)",
					"@executable_path/Frameworks",
					"@executable_path/../../Frameworks",
				);
				MARKETING_VERSION = 1.1.2;
				OTHER_LDFLAGS = (
					"-framework",
					FamilyControls,
					"-framework",
					DeviceActivity,
				);
				PRODUCT_BUNDLE_IDENTIFIER = com.bontecou.time.mdIOS.DeviceActivityReport;
				PRODUCT_NAME = time.mdDeviceActivityReport;
				SDKROOT = iphoneos;
				SKIP_INSTALL = YES;
				SWIFT_VERSION = 5.0;
				TARGETED_DEVICE_FAMILY = "1,2";
				WRAPPER_EXTENSION = appex;
			};
			name = Debug;
		};
		50CE908F9F0196B81E7452EE /* Release */ = {
			isa = XCBuildConfiguration;
			buildSettings = {
				CLANG_ENABLE_OBJC_WEAK = NO;
				CODE_SIGN_ENTITLEMENTS = time.mdDeviceActivityReport/time.mdDeviceActivityReport.entitlements;
				CODE_SIGN_STYLE = Automatic;
				CURRENT_PROJECT_VERSION = 9;
				DEVELOPMENT_TEAM = "$(DEVELOPMENT_TEAM)";
				GENERATE_INFOPLIST_FILE = NO;
				INFOPLIST_FILE = time.mdDeviceActivityReport/Info.plist;
				IPHONEOS_DEPLOYMENT_TARGET = 16.0;
				LD_RUNPATH_SEARCH_PATHS = (
					"$(inherited)",
					"@executable_path/Frameworks",
					"@executable_path/../../Frameworks",
				);
				MARKETING_VERSION = 1.1.2;
				OTHER_LDFLAGS = (
					"-framework",
					FamilyControls,
					"-framework",
					DeviceActivity,
				);
				PRODUCT_BUNDLE_IDENTIFIER = com.bontecou.time.mdIOS.DeviceActivityReport;
				PRODUCT_NAME = time.mdDeviceActivityReport;
				SDKROOT = iphoneos;
				SKIP_INSTALL = YES;
				SWIFT_VERSION = 5.0;
				TARGETED_DEVICE_FAMILY = "1,2";
				VALIDATE_PRODUCT = YES;
				WRAPPER_EXTENSION = appex;
			};
			name = Release;
		};
		62B65C1D2F4C535100A5B243 /* Debug */ = {
			isa = XCBuildConfiguration;
			buildSettings = {
				ALWAYS_SEARCH_USER_PATHS = NO;
				ASSETCATALOG_COMPILER_GENERATE_SWIFT_ASSET_SYMBOL_EXTENSIONS = YES;
				CLANG_ANALYZER_NONNULL = YES;
				CLANG_ANALYZER_NUMBER_OBJECT_CONVERSION = YES_AGGRESSIVE;
				CLANG_CXX_LANGUAGE_STANDARD = "gnu++20";
				CLANG_ENABLE_MODULES = YES;
				CLANG_ENABLE_OBJC_ARC = YES;
				CLANG_ENABLE_OBJC_WEAK = YES;
				CLANG_WARN_BLOCK_CAPTURE_AUTORELEASING = YES;
				CLANG_WARN_BOOL_CONVERSION = YES;
				CLANG_WARN_COMMA = YES;
				CLANG_WARN_CONSTANT_CONVERSION = YES;
				CLANG_WARN_DEPRECATED_OBJC_IMPLEMENTATIONS = YES;
				CLANG_WARN_DIRECT_OBJC_ISA_USAGE = YES_ERROR;
				CLANG_WARN_DOCUMENTATION_COMMENTS = YES;
				CLANG_WARN_EMPTY_BODY = YES;
				CLANG_WARN_ENUM_CONVERSION = YES;
				CLANG_WARN_INFINITE_RECURSION = YES;
				CLANG_WARN_INT_CONVERSION = YES;
				CLANG_WARN_NON_LITERAL_NULL_CONVERSION = YES;
				CLANG_WARN_OBJC_IMPLICIT_RETAIN_SELF = YES;
				CLANG_WARN_OBJC_LITERAL_CONVERSION = YES;
				CLANG_WARN_OBJC_ROOT_CLASS = YES_ERROR;
				CLANG_WARN_QUOTED_INCLUDE_IN_FRAMEWORK_HEADER = YES;
				CLANG_WARN_RANGE_LOOP_ANALYSIS = YES;
				CLANG_WARN_STRICT_PROTOTYPES = YES;
				CLANG_WARN_SUSPICIOUS_MOVE = YES;
				CLANG_WARN_UNGUARDED_AVAILABILITY = YES_AGGRESSIVE;
				CLANG_WARN_UNREACHABLE_CODE = YES;
				CLANG_WARN__DUPLICATE_METHOD_MATCH = YES;
				COPY_PHASE_STRIP = NO;
				DEBUG_INFORMATION_FORMAT = dwarf;
				DEVELOPMENT_TEAM = 67KC823C9A;
				ENABLE_STRICT_OBJC_MSGSEND = YES;
				ENABLE_TESTABILITY = YES;
				ENABLE_USER_SCRIPT_SANDBOXING = YES;
				GCC_C_LANGUAGE_STANDARD = gnu17;
				GCC_DYNAMIC_NO_PIC = NO;
				GCC_NO_COMMON_BLOCKS = YES;
				GCC_OPTIMIZATION_LEVEL = 0;
				GCC_PREPROCESSOR_DEFINITIONS = (
					"DEBUG=1",
					"$(inherited)",
				);
				GCC_WARN_64_TO_32_BIT_CONVERSION = YES;
				GCC_WARN_ABOUT_RETURN_TYPE = YES_ERROR;
				GCC_WARN_UNDECLARED_SELECTOR = YES;
				GCC_WARN_UNINITIALIZED_AUTOS = YES_AGGRESSIVE;
				GCC_WARN_UNUSED_FUNCTION = YES;
				GCC_WARN_UNUSED_VARIABLE = YES;
				LOCALIZATION_PREFERS_STRING_CATALOGS = YES;
				MTL_ENABLE_DEBUG_INFO = INCLUDE_SOURCE;
				MTL_FAST_MATH = YES;
				ONLY_ACTIVE_ARCH = YES;
				SWIFT_ACTIVE_COMPILATION_CONDITIONS = "DEBUG $(inherited)";
				SWIFT_OPTIMIZATION_LEVEL = "-Onone";
			};
			name = Debug;
		};
		62B65C1E2F4C535100A5B243 /* Release */ = {
			isa = XCBuildConfiguration;
			buildSettings = {
				ALWAYS_SEARCH_USER_PATHS = NO;
				ASSETCATALOG_COMPILER_GENERATE_SWIFT_ASSET_SYMBOL_EXTENSIONS = YES;
				CLANG_ANALYZER_NONNULL = YES;
				CLANG_ANALYZER_NUMBER_OBJECT_CONVERSION = YES_AGGRESSIVE;
				CLANG_CXX_LANGUAGE_STANDARD = "gnu++20";
				CLANG_ENABLE_MODULES = YES;
				CLANG_ENABLE_OBJC_ARC = YES;
				CLANG_ENABLE_OBJC_WEAK = YES;
				CLANG_WARN_BLOCK_CAPTURE_AUTORELEASING = YES;
				CLANG_WARN_BOOL_CONVERSION = YES;
				CLANG_WARN_COMMA = YES;
				CLANG_WARN_CONSTANT_CONVERSION = YES;
				CLANG_WARN_DEPRECATED_OBJC_IMPLEMENTATIONS = YES;
				CLANG_WARN_DIRECT_OBJC_ISA_USAGE = YES_ERROR;
				CLANG_WARN_DOCUMENTATION_COMMENTS = YES;
				CLANG_WARN_EMPTY_BODY = YES;
				CLANG_WARN_ENUM_CONVERSION = YES;
				CLANG_WARN_INFINITE_RECURSION = YES;
				CLANG_WARN_INT_CONVERSION = YES;
				CLANG_WARN_NON_LITERAL_NULL_CONVERSION = YES;
				CLANG_WARN_OBJC_IMPLICIT_RETAIN_SELF = YES;
				CLANG_WARN_OBJC_LITERAL_CONVERSION = YES;
				CLANG_WARN_OBJC_ROOT_CLASS = YES_ERROR;
				CLANG_WARN_QUOTED_INCLUDE_IN_FRAMEWORK_HEADER = YES;
				CLANG_WARN_RANGE_LOOP_ANALYSIS = YES;
				CLANG_WARN_STRICT_PROTOTYPES = YES;
				CLANG_WARN_SUSPICIOUS_MOVE = YES;
				CLANG_WARN_UNGUARDED_AVAILABILITY = YES_AGGRESSIVE;
				CLANG_WARN_UNREACHABLE_CODE = YES;
				CLANG_WARN__DUPLICATE_METHOD_MATCH = YES;
				COPY_PHASE_STRIP = NO;
				DEBUG_INFORMATION_FORMAT = "dwarf-with-dsym";
				DEVELOPMENT_TEAM = 67KC823C9A;
				ENABLE_NS_ASSERTIONS = NO;
				ENABLE_STRICT_OBJC_MSGSEND = YES;
				ENABLE_USER_SCRIPT_SANDBOXING = YES;
				GCC_C_LANGUAGE_STANDARD = gnu17;
				GCC_NO_COMMON_BLOCKS = YES;
				GCC_WARN_64_TO_32_BIT_CONVERSION = YES;
				GCC_WARN_ABOUT_RETURN_TYPE = YES_ERROR;
				GCC_WARN_UNDECLARED_SELECTOR = YES;
				GCC_WARN_UNINITIALIZED_AUTOS = YES_AGGRESSIVE;
				GCC_WARN_UNUSED_FUNCTION = YES;
				GCC_WARN_UNUSED_VARIABLE = YES;
				LOCALIZATION_PREFERS_STRING_CATALOGS = YES;
				MTL_ENABLE_DEBUG_INFO = NO;
				MTL_FAST_MATH = YES;
				SWIFT_COMPILATION_MODE = wholemodule;
			};
			name = Release;
		};
		62B65C202F4C535100A5B243 /* Debug */ = {
			isa = XCBuildConfiguration;
			buildSettings = {
				ASSETCATALOG_COMPILER_APPICON_NAME = AppIcon;
				ASSETCATALOG_COMPILER_GLOBAL_ACCENT_COLOR_NAME = AccentColor;
				CODE_SIGN_ENTITLEMENTS = time.md/time.md.entitlements;
				"CODE_SIGN_IDENTITY[sdk=macosx*]" = "iPhone Developer";
				CODE_SIGN_STYLE = Automatic;
				COMBINE_HIDPI_IMAGES = YES;
				CURRENT_PROJECT_VERSION = 9;
				DEVELOPMENT_TEAM = 67KC823C9A;
				"DEVELOPMENT_TEAM[sdk=macosx*]" = 67KC823C9A;
				ENABLE_APP_SANDBOX = NO;
				ENABLE_HARDENED_RUNTIME = YES;
				ENABLE_PREVIEWS = YES;
				ENABLE_USER_SELECTED_FILES = readonly;
				GENERATE_INFOPLIST_FILE = YES;
				INFOPLIST_FILE = Info.plist;
				INFOPLIST_KEY_NSHumanReadableCopyright = "";
				LD_RUNPATH_SEARCH_PATHS = (
					"$(inherited)",
					"@executable_path/../Frameworks",
				);
				MACOSX_DEPLOYMENT_TARGET = 14.0;
				MARKETING_VERSION = 1.1.2;
				PRODUCT_BUNDLE_IDENTIFIER = com.bontecou.time.md;
				PRODUCT_NAME = "$(TARGET_NAME)";
				PROVISIONING_PROFILE_SPECIFIER = "";
				"PROVISIONING_PROFILE_SPECIFIER[sdk=macosx*]" = "";
				REGISTER_APP_GROUPS = YES;
				SDKROOT = macosx;
				STRING_CATALOG_GENERATE_SYMBOLS = YES;
				SWIFT_APPROACHABLE_CONCURRENCY = YES;
				SWIFT_DEFAULT_ACTOR_ISOLATION = MainActor;
				SWIFT_EMIT_LOC_STRINGS = YES;
				SWIFT_UPCOMING_FEATURE_MEMBER_IMPORT_VISIBILITY = YES;
				SWIFT_VERSION = 5.0;
			};
			name = Debug;
		};
		62B65C212F4C535100A5B243 /* Release */ = {
			isa = XCBuildConfiguration;
			buildSettings = {
				ASSETCATALOG_COMPILER_APPICON_NAME = AppIcon;
				ASSETCATALOG_COMPILER_GLOBAL_ACCENT_COLOR_NAME = AccentColor;
				CODE_SIGN_ENTITLEMENTS = time.md/time.md.entitlements;
				"CODE_SIGN_IDENTITY[sdk=macosx*]" = "iPhone Developer";
				CODE_SIGN_STYLE = Automatic;
				COMBINE_HIDPI_IMAGES = YES;
				CURRENT_PROJECT_VERSION = 9;
				DEVELOPMENT_TEAM = 67KC823C9A;
				"DEVELOPMENT_TEAM[sdk=macosx*]" = 67KC823C9A;
				ENABLE_APP_SANDBOX = NO;
				ENABLE_HARDENED_RUNTIME = YES;
				ENABLE_PREVIEWS = YES;
				ENABLE_USER_SELECTED_FILES = readonly;
				GENERATE_INFOPLIST_FILE = YES;
				INFOPLIST_FILE = Info.plist;
				INFOPLIST_KEY_NSHumanReadableCopyright = "";
				LD_RUNPATH_SEARCH_PATHS = (
					"$(inherited)",
					"@executable_path/../Frameworks",
				);
				MACOSX_DEPLOYMENT_TARGET = 14.0;
				MARKETING_VERSION = 1.1.2;
				PRODUCT_BUNDLE_IDENTIFIER = com.bontecou.time.md;
				PRODUCT_NAME = "$(TARGET_NAME)";
				PROVISIONING_PROFILE_SPECIFIER = "";
				"PROVISIONING_PROFILE_SPECIFIER[sdk=macosx*]" = "";
				REGISTER_APP_GROUPS = YES;
				SDKROOT = macosx;
				STRING_CATALOG_GENERATE_SYMBOLS = YES;
				SWIFT_APPROACHABLE_CONCURRENCY = YES;
				SWIFT_DEFAULT_ACTOR_ISOLATION = MainActor;
				SWIFT_EMIT_LOC_STRINGS = YES;
				SWIFT_UPCOMING_FEATURE_MEMBER_IMPORT_VISIBILITY = YES;
				SWIFT_VERSION = 5.0;
			};
			name = Release;
		};
		AAAA00072F4C600000000007 /* Debug */ = {
			isa = XCBuildConfiguration;
			buildSettings = {
				ASSETCATALOG_COMPILER_APPICON_NAME = AppIcon;
				ASSETCATALOG_COMPILER_GLOBAL_ACCENT_COLOR_NAME = AccentColor;
				CODE_SIGN_ENTITLEMENTS = time.mdIOS/time.mdIOS.entitlements;
				"CODE_SIGN_IDENTITY[sdk=iphoneos*]" = "iPhone Developer";
				CODE_SIGN_STYLE = Automatic;
				CURRENT_PROJECT_VERSION = 9;
				DEVELOPMENT_TEAM = 67KC823C9A;
				"DEVELOPMENT_TEAM[sdk=iphoneos*]" = 67KC823C9A;
				ENABLE_PREVIEWS = YES;
				GENERATE_INFOPLIST_FILE = YES;
				INFOPLIST_FILE = time.mdIOS/Info.plist;
				INFOPLIST_KEY_CFBundleDisplayName = time.md;
				INFOPLIST_KEY_NSFaceIDUsageDescription = "time.md uses Face ID to protect your screen time data.";
				INFOPLIST_KEY_UIApplicationSceneManifest_Generation = YES;
				INFOPLIST_KEY_UIApplicationSupportsIndirectInputEvents = YES;
				INFOPLIST_KEY_UIRequiredDeviceCapabilities = arm64;
				INFOPLIST_KEY_UISupportedInterfaceOrientations = "UIInterfaceOrientationPortrait UIInterfaceOrientationLandscapeLeft UIInterfaceOrientationLandscapeRight";
				INFOPLIST_KEY_UISupportedInterfaceOrientations_iPad = "UIInterfaceOrientationPortrait UIInterfaceOrientationPortraitUpsideDown UIInterfaceOrientationLandscapeLeft UIInterfaceOrientationLandscapeRight";
				INFOPLIST_KEY_UISupportedInterfaceOrientations_iPhone = "UIInterfaceOrientationPortrait UIInterfaceOrientationLandscapeLeft UIInterfaceOrientationLandscapeRight";
				IPHONEOS_DEPLOYMENT_TARGET = 17.0;
				LD_RUNPATH_SEARCH_PATHS = (
					"$(inherited)",
					"@executable_path/Frameworks",
				);
				MARKETING_VERSION = 1.1.2;
				PRODUCT_BUNDLE_IDENTIFIER = com.bontecou.time.mdIOS;
				PRODUCT_NAME = "$(TARGET_NAME)";
				PROVISIONING_PROFILE_SPECIFIER = "";
				SDKROOT = iphoneos;
				STRING_CATALOG_GENERATE_SYMBOLS = YES;
				SUPPORTED_PLATFORMS = "iphoneos iphonesimulator";
				SUPPORTS_MACCATALYST = NO;
				SWIFT_APPROACHABLE_CONCURRENCY = YES;
				SWIFT_DEFAULT_ACTOR_ISOLATION = MainActor;
				SWIFT_EMIT_LOC_STRINGS = YES;
				SWIFT_UPCOMING_FEATURE_MEMBER_IMPORT_VISIBILITY = YES;
				SWIFT_VERSION = 5.0;
				TARGETED_DEVICE_FAMILY = "1,2";
			};
			name = Debug;
		};
		AAAA00082F4C600000000008 /* Release */ = {
			isa = XCBuildConfiguration;
			buildSettings = {
				ASSETCATALOG_COMPILER_APPICON_NAME = AppIcon;
				ASSETCATALOG_COMPILER_GLOBAL_ACCENT_COLOR_NAME = AccentColor;
				CODE_SIGN_ENTITLEMENTS = time.mdIOS/time.mdIOS.entitlements;
				"CODE_SIGN_IDENTITY[sdk=iphoneos*]" = "iPhone Developer";
				CODE_SIGN_STYLE = Automatic;
				CURRENT_PROJECT_VERSION = 9;
				DEVELOPMENT_TEAM = 67KC823C9A;
				"DEVELOPMENT_TEAM[sdk=iphoneos*]" = 67KC823C9A;
				ENABLE_PREVIEWS = YES;
				GENERATE_INFOPLIST_FILE = YES;
				INFOPLIST_FILE = time.mdIOS/Info.plist;
				INFOPLIST_KEY_CFBundleDisplayName = time.md;
				INFOPLIST_KEY_NSFaceIDUsageDescription = "time.md uses Face ID to protect your screen time data.";
				INFOPLIST_KEY_UIApplicationSceneManifest_Generation = YES;
				INFOPLIST_KEY_UIApplicationSupportsIndirectInputEvents = YES;
				INFOPLIST_KEY_UIRequiredDeviceCapabilities = arm64;
				INFOPLIST_KEY_UISupportedInterfaceOrientations = "UIInterfaceOrientationPortrait UIInterfaceOrientationLandscapeLeft UIInterfaceOrientationLandscapeRight";
				INFOPLIST_KEY_UISupportedInterfaceOrientations_iPad = "UIInterfaceOrientationPortrait UIInterfaceOrientationPortraitUpsideDown UIInterfaceOrientationLandscapeLeft UIInterfaceOrientationLandscapeRight";
				INFOPLIST_KEY_UISupportedInterfaceOrientations_iPhone = "UIInterfaceOrientationPortrait UIInterfaceOrientationLandscapeLeft UIInterfaceOrientationLandscapeRight";
				IPHONEOS_DEPLOYMENT_TARGET = 17.0;
				LD_RUNPATH_SEARCH_PATHS = (
					"$(inherited)",
					"@executable_path/Frameworks",
				);
				MARKETING_VERSION = 1.1.2;
				PRODUCT_BUNDLE_IDENTIFIER = com.bontecou.time.mdIOS;
				PRODUCT_NAME = "$(TARGET_NAME)";
				PROVISIONING_PROFILE_SPECIFIER = "";
				SDKROOT = iphoneos;
				STRING_CATALOG_GENERATE_SYMBOLS = YES;
				SUPPORTED_PLATFORMS = "iphoneos iphonesimulator";
				SUPPORTS_MACCATALYST = NO;
				SWIFT_APPROACHABLE_CONCURRENCY = YES;
				SWIFT_DEFAULT_ACTOR_ISOLATION = MainActor;
				SWIFT_EMIT_LOC_STRINGS = YES;
				SWIFT_UPCOMING_FEATURE_MEMBER_IMPORT_VISIBILITY = YES;
				SWIFT_VERSION = 5.0;
				TARGETED_DEVICE_FAMILY = "1,2";
				VALIDATE_PRODUCT = YES;
			};
			name = Release;
		};
/* End XCBuildConfiguration section */

/* Begin XCConfigurationList section */
		62B65C0F2F4C534F00A5B243 /* Build configuration list for PBXProject "time.md" */ = {
			isa = XCConfigurationList;
			buildConfigurations = (
				62B65C1D2F4C535100A5B243 /* Debug */,
				62B65C1E2F4C535100A5B243 /* Release */,
			);
			defaultConfigurationIsVisible = 0;
			defaultConfigurationName = Release;
		};
		62B65C1F2F4C535100A5B243 /* Build configuration list for PBXNativeTarget "time.md" */ = {
			isa = XCConfigurationList;
			buildConfigurations = (
				62B65C202F4C535100A5B243 /* Debug */,
				62B65C212F4C535100A5B243 /* Release */,
			);
			defaultConfigurationIsVisible = 0;
			defaultConfigurationName = Release;
		};
		7D859E0738829772900EDEAF /* Build configuration list for PBXNativeTarget "time.mdDeviceActivityReport" */ = {
			isa = XCConfigurationList;
			buildConfigurations = (
				50CE908F9F0196B81E7452EE /* Release */,
				2239AEA0E090BD6CBAC9D875 /* Debug */,
			);
			defaultConfigurationIsVisible = 0;
			defaultConfigurationName = Release;
		};
		AAAA00092F4C600000000009 /* Build configuration list for PBXNativeTarget "time.mdIOS" */ = {
			isa = XCConfigurationList;
			buildConfigurations = (
				AAAA00072F4C600000000007 /* Debug */,
				AAAA00082F4C600000000008 /* Release */,
			);
			defaultConfigurationIsVisible = 0;
			defaultConfigurationName = Release;
		};
/* End XCConfigurationList section */

/* Begin XCRemoteSwiftPackageReference section */
		SPARKLE001000000000000001 /* XCRemoteSwiftPackageReference "Sparkle" */ = {
			isa = XCRemoteSwiftPackageReference;
			repositoryURL = "https://github.com/sparkle-project/Sparkle";
			requirement = {
				kind = upToNextMajorVersion;
				minimumVersion = 2.6.0;
			};
		};
/* End XCRemoteSwiftPackageReference section */

/* Begin XCSwiftPackageProductDependency section */
		SPARKLE002000000000000001 /* Sparkle */ = {
			isa = XCSwiftPackageProductDependency;
			package = SPARKLE001000000000000001 /* XCRemoteSwiftPackageReference "Sparkle" */;
			productName = Sparkle;
		};
/* End XCSwiftPackageProductDependency section */
	};
	rootObject = 62B65C0C2F4C534F00A5B243 /* Project object */;
}
