{
  "originHash" : "0f622bb1c780d4fa866a84ce942ceccb28f103e2c9bfb19f755e3be0d857f259",
  "pins" : [
    {
      "identity" : "exportkit",
      "kind" : "remoteSourceControl",
      "location" : "https://github.com/CodyBontecou/ExportKit",
      "state" : {
        "branch" : "main",
        "revision" : "17993dc0361c41145dc6429738ed369d9976e550"
      }
    },
    {
      "identity" : "sparkle",
      "kind" : "remoteSourceControl",
      "location" : "https://github.com/sparkle-project/Sparkle",
      "state" : {
        "revision" : "21d8df80440b1ca3b65fa82e40782f1e5a9e6ba2",
        "version" : "2.9.0"
      }
    }
  ],
  "version" : 3
}
